devDependencies:
  '@types/vscode': 1.74.0
  typescript: 4.9.4
lockfileVersion: 5.2
packages:
  /@types/vscode/1.74.0:
    dev: true
    resolution:
      integrity: sha512-LyeCIU3jb9d38w0MXFwta9r0Jx23ugujkAxdwLTNCyspdZTKUc43t7ppPbCiPoQ/Ivd/pnDFZrb4hWd45wrsgA==
  /typescript/4.9.4:
    dev: true
    engines:
      node: '>=4.2.0'
    hasBin: true
    resolution:
      integrity: sha512-Uz+dTXYzxXXbsFpM86Wh3dKCxrQqUcVMxwU54orwlJjOpO3ao8L7j5lH+dWfTwgCwIuM9GQ2kvVotzYJMXTBZg==
specifiers:
  '@types/vscode': ^1.74.0
  typescript: ^4.9.4
